
Microsoft Visual Studio Solution File, Format Version 12.00
# Visual Studio Version 17
VisualStudioVersion = 17.11.35327.3
MinimumVisualStudioVersion = 10.0.40219.1
Project("{FAE04EC0-301F-11D3-BF4B-00C04F79EFBC}") = "ApiEmpleadosPorDeptartamentos", "ApiEmpleadosPorDeptartamentos\ApiEmpleadosPorDeptartamentos.csproj", "{56715964-F104-438F-89C7-6C5864165C8B}"
EndProject
Global
	GlobalSection(SolutionConfigurationPlatforms) = preSolution
		Debug|Any CPU = Debug|Any CPU
		Release|Any CPU = Release|Any CPU
	EndGlobalSection
	GlobalSection(ProjectConfigurationPlatforms) = postSolution
		{56715964-F104-438F-89C7-6C5864165C8B}.Debug|Any CPU.ActiveCfg = Debug|Any CPU
		{56715964-F104-438F-89C7-6C5864165C8B}.Debug|Any CPU.Build.0 = Debug|Any CPU
		{56715964-F104-438F-89C7-6C5864165C8B}.Release|Any CPU.ActiveCfg = Release|Any CPU
		{56715964-F104-438F-89C7-6C5864165C8B}.Release|Any CPU.Build.0 = Release|Any CPU
	EndGlobalSection
	GlobalSection(SolutionProperties) = preSolution
		HideSolutionNode = FALSE
	EndGlobalSection
	GlobalSection(ExtensibilityGlobals) = postSolution
		SolutionGuid = {C30B6519-A2A4-4EB9-BF9E-DFC207A6A413}
	EndGlobalSection
EndGlobal
